
Microsoft Visual Studio Solution File, Format Version 12.00
# Visual Studio Version 17
VisualStudioVersion = 17.1.32328.378
MinimumVisualStudioVersion = 10.0.40219.1
Project("{9A19103F-16F7-4668-BE54-9A1E7A4F7556}") = "Functions", "src\Functions\Functions.csproj", "{7663E11B-E5DD-4484-B49B-56A8E2CBE7FF}"
EndProject
Project("{9A19103F-16F7-4668-BE54-9A1E7A4F7556}") = "MVC", "src\MVC\MVC.csproj", "{E564E77D-EF5B-4354-ABDE-349A1FB9153C}"
EndProject
Project("{FAE04EC0-301F-11D3-BF4B-00C04F79EFBC}") = "Logic", "src\Logic\Logic.csproj", "{F1DF53AC-BF59-46EE-A9C3-96885E1BE921}"
EndProject
Global
	GlobalSection(SolutionConfigurationPlatforms) = preSolution
		Debug|Any CPU = Debug|Any CPU
		Release|Any CPU = Release|Any CPU
	EndGlobalSection
	GlobalSection(ProjectConfigurationPlatforms) = postSolution
		{7663E11B-E5DD-4484-B49B-56A8E2CBE7FF}.Debug|Any CPU.ActiveCfg = Debug|Any CPU
		{7663E11B-E5DD-4484-B49B-56A8E2CBE7FF}.Debug|Any CPU.Build.0 = Debug|Any CPU
		{7663E11B-E5DD-4484-B49B-56A8E2CBE7FF}.Release|Any CPU.ActiveCfg = Release|Any CPU
		{7663E11B-E5DD-4484-B49B-56A8E2CBE7FF}.Release|Any CPU.Build.0 = Release|Any CPU
		{E564E77D-EF5B-4354-ABDE-349A1FB9153C}.Debug|Any CPU.ActiveCfg = Debug|Any CPU
		{E564E77D-EF5B-4354-ABDE-349A1FB9153C}.Debug|Any CPU.Build.0 = Debug|Any CPU
		{E564E77D-EF5B-4354-ABDE-349A1FB9153C}.Release|Any CPU.ActiveCfg = Release|Any CPU
		{E564E77D-EF5B-4354-ABDE-349A1FB9153C}.Release|Any CPU.Build.0 = Release|Any CPU
		{F1DF53AC-BF59-46EE-A9C3-96885E1BE921}.Debug|Any CPU.ActiveCfg = Debug|Any CPU
		{F1DF53AC-BF59-46EE-A9C3-96885E1BE921}.Debug|Any CPU.Build.0 = Debug|Any CPU
		{F1DF53AC-BF59-46EE-A9C3-96885E1BE921}.Release|Any CPU.ActiveCfg = Release|Any CPU
		{F1DF53AC-BF59-46EE-A9C3-96885E1BE921}.Release|Any CPU.Build.0 = Release|Any CPU
	EndGlobalSection
	GlobalSection(SolutionProperties) = preSolution
		HideSolutionNode = FALSE
	EndGlobalSection
	GlobalSection(ExtensibilityGlobals) = postSolution
		SolutionGuid = {46CEEC05-5E69-413C-84DF-5EC963B2B62F}
	EndGlobalSection
EndGlobal
